{
  "name": "smart-deduplicate",
  "version": "1.0.0",
  "lockfileVersion": 3,
  "requires": true,
  "packages": {
    "": {
      "name": "smart-deduplicate",
      "version": "1.0.0",
      "license": "ISC",
      "dependencies": {
        "@immich/sdk": "^1.108.0",
        "dotenv": "^16.4.5",
        "progress": "^2.0.3"
      }
    },
    "node_modules/@immich/sdk": {
      "version": "1.108.0",
      "resolved": "https://registry.npmjs.org/@immich/sdk/-/sdk-1.108.0.tgz",
      "integrity": "sha512-A405tAedy1FAbYtSKLW8FWmq+RK6ZMa8vsShLNfoxxJYheyfafD9/0ozPRyA6k86fpkB1AvEN3qKyLJFLLWYDw==",
      "dependencies": {
        "@oazapfts/runtime": "^1.0.2"
      }
    },
    "node_modules/@oazapfts/runtime": {
      "version": "1.0.3",
      "resolved": "https://registry.npmjs.org/@oazapfts/runtime/-/runtime-1.0.3.tgz",
      "integrity": "sha512-8tKiYffhwTGHSHYGnZ3oneLGCjX0po/XAXQ5Ng9fqKkvIdl/xz8+Vh8i+6xjzZqvZ2pLVpUcuSfnvNI/x67L0g=="
    },
    "node_modules/dotenv": {
      "version": "16.4.5",
      "resolved": "https://registry.npmjs.org/dotenv/-/dotenv-16.4.5.tgz",
      "integrity": "sha512-ZmdL2rui+eB2YwhsWzjInR8LldtZHGDoQ1ugH85ppHKwpUHL7j7rN0Ti9NCnGiQbhaZ11FpR+7ao1dNsmduNUg==",
      "engines": {
        "node": ">=12"
      },
      "funding": {
        "url": "https://dotenvx.com"
      }
    },
    "node_modules/progress": {
      "version": "2.0.3",
      "resolved": "https://registry.npmjs.org/progress/-/progress-2.0.3.tgz",
      "integrity": "sha512-7PiHtLll5LdnKIMw100I+8xJXR5gW2QwWYkT6iJva0bXitZKa/XMrSbdmg3r2Xnaidz9Qumd0VPaMrZlF9V9sA==",
      "engines": {
        "node": ">=0.4.0"
      }
    }
  }
}
